// !$*UTF8*$!
{
	archiveVersion = 1;
	classes = {
	};
	objectVersion = 77;
	objects = {

/* Begin PBXBuildFile section */
		AF2ECC132DE7D88A00BD1602 /* SwiftfulUtilities in Frameworks */ = {isa = PBXBuildFile; productRef = AF2ECC122DE7D88A00BD1602 /* SwiftfulUtilities */; };
		AF39868C2DF8C958000F064C /* SignInGoogleAsync in Frameworks */ = {isa = PBXBuildFile; productRef = AF39868B2DF8C958000F064C /* SignInGoogleAsync */; };
		AF3986932DF8D2E5000F064C /* GoogleSignIn in Frameworks */ = {isa = PBXBuildFile; productRef = AF3986922DF8D2E5000F064C /* GoogleSignIn */; };
		AF3986952DF8D2E5000F064C /* GoogleSignInSwift in Frameworks */ = {isa = PBXBuildFile; productRef = AF3986942DF8D2E5000F064C /* GoogleSignInSwift */; };
		AF95B1772DF38774003D5BA0 /* FirebaseAuth in Frameworks */ = {isa = PBXBuildFile; productRef = AF95B1762DF38774003D5BA0 /* FirebaseAuth */; };
		AFA98BB32DA46E0600492141 /* SDWebImageSwiftUI in Frameworks */ = {isa = PBXBuildFile; productRef = AFA98BB22DA46E0600492141 /* SDWebImageSwiftUI */; };
		AFAA66B62DF4E4960013F8DC /* SignInAppleAsync in Frameworks */ = {isa = PBXBuildFile; productRef = AFAA66B52DF4E4960013F8DC /* SignInAppleAsync */; };
		AFCB2B912DFC779000694E6E /* FirebaseFirestore in Frameworks */ = {isa = PBXBuildFile; productRef = AFCB2B902DFC779000694E6E /* FirebaseFirestore */; };
		AFCB2BA02DFDC20B00694E6E /* SwiftfulFirestore in Frameworks */ = {isa = PBXBuildFile; productRef = AFCB2B9F2DFDC20B00694E6E /* SwiftfulFirestore */; };
		AFEF44072DFF1489000E87DC /* OpenAI in Frameworks */ = {isa = PBXBuildFile; productRef = AFEF44062DFF1489000E87DC /* OpenAI */; };
		AFEF464A2E007365000E87DC /* FirebaseStorage in Frameworks */ = {isa = PBXBuildFile; productRef = AFEF46492E007365000E87DC /* FirebaseStorage */; };
/* End PBXBuildFile section */

/* Begin PBXContainerItemProxy section */
		AF90350D2DA3FDB100A35095 /* PBXContainerItemProxy */ = {
			isa = PBXContainerItemProxy;
			containerPortal = AF9034F32DA3FDB000A35095 /* Project object */;
			proxyType = 1;
			remoteGlobalIDString = AF9034FA2DA3FDB000A35095;
			remoteInfo = AIChat;
		};
		AF9035172DA3FDB100A35095 /* PBXContainerItemProxy */ = {
			isa = PBXContainerItemProxy;
			containerPortal = AF9034F32DA3FDB000A35095 /* Project object */;
			proxyType = 1;
			remoteGlobalIDString = AF9034FA2DA3FDB000A35095;
			remoteInfo = AIChat;
		};
/* End PBXContainerItemProxy section */

/* Begin PBXFileReference section */
		AF9034FB2DA3FDB000A35095 /* AIChat.app */ = {isa = PBXFileReference; explicitFileType = wrapper.application; includeInIndex = 0; path = AIChat.app; sourceTree = BUILT_PRODUCTS_DIR; };
		AF90350C2DA3FDB100A35095 /* AIChatTests.xctest */ = {isa = PBXFileReference; explicitFileType = wrapper.cfbundle; includeInIndex = 0; path = AIChatTests.xctest; sourceTree = BUILT_PRODUCTS_DIR; };
		AF9035162DA3FDB100A35095 /* AIChatUITests.xctest */ = {isa = PBXFileReference; explicitFileType = wrapper.cfbundle; includeInIndex = 0; path = AIChatUITests.xctest; sourceTree = BUILT_PRODUCTS_DIR; };
/* End PBXFileReference section */

/* Begin PBXFileSystemSynchronizedBuildFileExceptionSet section */
		AF90352E2DA4026000A35095 /* Exceptions for "AIChat" folder in "AIChat" target */ = {
			isa = PBXFileSystemSynchronizedBuildFileExceptionSet;
			membershipExceptions = (
				Info.plist,
			);
			target = AF9034FA2DA3FDB000A35095 /* AIChat */;
		};
/* End PBXFileSystemSynchronizedBuildFileExceptionSet section */

/* Begin PBXFileSystemSynchronizedRootGroup section */
		AF9034FD2DA3FDB000A35095 /* AIChat */ = {
			isa = PBXFileSystemSynchronizedRootGroup;
			exceptions = (
				AF90352E2DA4026000A35095 /* Exceptions for "AIChat" folder in "AIChat" target */,
			);
			path = AIChat;
			sourceTree = "<group>";
		};
		AF90350F2DA3FDB100A35095 /* AIChatTests */ = {
			isa = PBXFileSystemSynchronizedRootGroup;
			path = AIChatTests;
			sourceTree = "<group>";
		};
		AF9035192DA3FDB100A35095 /* AIChatUITests */ = {
			isa = PBXFileSystemSynchronizedRootGroup;
			path = AIChatUITests;
			sourceTree = "<group>";
		};
/* End PBXFileSystemSynchronizedRootGroup section */

/* Begin PBXFrameworksBuildPhase section */
		AF9034F82DA3FDB000A35095 /* Frameworks */ = {
			isa = PBXFrameworksBuildPhase;
			buildActionMask = 2147483647;
			files = (
				AFEF44072DFF1489000E87DC /* OpenAI in Frameworks */,
				AFAA66B62DF4E4960013F8DC /* SignInAppleAsync in Frameworks */,
				AF39868C2DF8C958000F064C /* SignInGoogleAsync in Frameworks */,
				AFCB2BA02DFDC20B00694E6E /* SwiftfulFirestore in Frameworks */,
				AF3986952DF8D2E5000F064C /* GoogleSignInSwift in Frameworks */,
				AFA98BB32DA46E0600492141 /* SDWebImageSwiftUI in Frameworks */,
				AF95B1772DF38774003D5BA0 /* FirebaseAuth in Frameworks */,
				AFCB2B912DFC779000694E6E /* FirebaseFirestore in Frameworks */,
				AFEF464A2E007365000E87DC /* FirebaseStorage in Frameworks */,
				AF2ECC132DE7D88A00BD1602 /* SwiftfulUtilities in Frameworks */,
				AF3986932DF8D2E5000F064C /* GoogleSignIn in Frameworks */,
			);
			runOnlyForDeploymentPostprocessing = 0;
		};
		AF9035092DA3FDB100A35095 /* Frameworks */ = {
			isa = PBXFrameworksBuildPhase;
			buildActionMask = 2147483647;
			files = (
			);
			runOnlyForDeploymentPostprocessing = 0;
		};
		AF9035132DA3FDB100A35095 /* Frameworks */ = {
			isa = PBXFrameworksBuildPhase;
			buildActionMask = 2147483647;
			files = (
			);
			runOnlyForDeploymentPostprocessing = 0;
		};
/* End PBXFrameworksBuildPhase section */

/* Begin PBXGroup section */
		AF9034F22DA3FDB000A35095 = {
			isa = PBXGroup;
			children = (
				AF9034FD2DA3FDB000A35095 /* AIChat */,
				AF90350F2DA3FDB100A35095 /* AIChatTests */,
				AF9035192DA3FDB100A35095 /* AIChatUITests */,
				AFCB2B8F2DFC779000694E6E /* Frameworks */,
				AF9034FC2DA3FDB000A35095 /* Products */,
			);
			sourceTree = "<group>";
		};
		AF9034FC2DA3FDB000A35095 /* Products */ = {
			isa = PBXGroup;
			children = (
				AF9034FB2DA3FDB000A35095 /* AIChat.app */,
				AF90350C2DA3FDB100A35095 /* AIChatTests.xctest */,
				AF9035162DA3FDB100A35095 /* AIChatUITests.xctest */,
			);
			name = Products;
			sourceTree = "<group>";
		};
		AFCB2B8F2DFC779000694E6E /* Frameworks */ = {
			isa = PBXGroup;
			children = (
			);
			name = Frameworks;
			sourceTree = "<group>";
		};
/* End PBXGroup section */

/* Begin PBXNativeTarget section */
		AF9034FA2DA3FDB000A35095 /* AIChat */ = {
			isa = PBXNativeTarget;
			buildConfigurationList = AF9035202DA3FDB100A35095 /* Build configuration list for PBXNativeTarget "AIChat" */;
			buildPhases = (
				AF9034F72DA3FDB000A35095 /* Sources */,
				AF9034F82DA3FDB000A35095 /* Frameworks */,
				AF9034F92DA3FDB000A35095 /* Resources */,
				AF90352F2DA405BC00A35095 /* Swiftlint */,
			);
			buildRules = (
			);
			dependencies = (
			);
			fileSystemSynchronizedGroups = (
				AF9034FD2DA3FDB000A35095 /* AIChat */,
			);
			name = AIChat;
			packageProductDependencies = (
				AFA98BB22DA46E0600492141 /* SDWebImageSwiftUI */,
				AF2ECC122DE7D88A00BD1602 /* SwiftfulUtilities */,
				AF95B1762DF38774003D5BA0 /* FirebaseAuth */,
				AFAA66B52DF4E4960013F8DC /* SignInAppleAsync */,
				AF39868B2DF8C958000F064C /* SignInGoogleAsync */,
				AF3986922DF8D2E5000F064C /* GoogleSignIn */,
				AF3986942DF8D2E5000F064C /* GoogleSignInSwift */,
				AFCB2B902DFC779000694E6E /* FirebaseFirestore */,
				AFCB2B9F2DFDC20B00694E6E /* SwiftfulFirestore */,
				AFEF44062DFF1489000E87DC /* OpenAI */,
				AFEF46492E007365000E87DC /* FirebaseStorage */,
			);
			productName = AIChat;
			productReference = AF9034FB2DA3FDB000A35095 /* AIChat.app */;
			productType = "com.apple.product-type.application";
		};
		AF90350B2DA3FDB100A35095 /* AIChatTests */ = {
			isa = PBXNativeTarget;
			buildConfigurationList = AF9035232DA3FDB100A35095 /* Build configuration list for PBXNativeTarget "AIChatTests" */;
			buildPhases = (
				AF9035082DA3FDB100A35095 /* Sources */,
				AF9035092DA3FDB100A35095 /* Frameworks */,
				AF90350A2DA3FDB100A35095 /* Resources */,
			);
			buildRules = (
			);
			dependencies = (
				AF90350E2DA3FDB100A35095 /* PBXTargetDependency */,
			);
			fileSystemSynchronizedGroups = (
				AF90350F2DA3FDB100A35095 /* AIChatTests */,
			);
			name = AIChatTests;
			packageProductDependencies = (
			);
			productName = AIChatTests;
			productReference = AF90350C2DA3FDB100A35095 /* AIChatTests.xctest */;
			productType = "com.apple.product-type.bundle.unit-test";
		};
		AF9035152DA3FDB100A35095 /* AIChatUITests */ = {
			isa = PBXNativeTarget;
			buildConfigurationList = AF9035262DA3FDB100A35095 /* Build configuration list for PBXNativeTarget "AIChatUITests" */;
			buildPhases = (
				AF9035122DA3FDB100A35095 /* Sources */,
				AF9035132DA3FDB100A35095 /* Frameworks */,
				AF9035142DA3FDB100A35095 /* Resources */,
			);
			buildRules = (
			);
			dependencies = (
				AF9035182DA3FDB100A35095 /* PBXTargetDependency */,
			);
			fileSystemSynchronizedGroups = (
				AF9035192DA3FDB100A35095 /* AIChatUITests */,
			);
			name = AIChatUITests;
			packageProductDependencies = (
			);
			productName = AIChatUITests;
			productReference = AF9035162DA3FDB100A35095 /* AIChatUITests.xctest */;
			productType = "com.apple.product-type.bundle.ui-testing";
		};
/* End PBXNativeTarget section */

/* Begin PBXProject section */
		AF9034F32DA3FDB000A35095 /* Project object */ = {
			isa = PBXProject;
			attributes = {
				BuildIndependentTargetsInParallel = 1;
				LastSwiftUpdateCheck = 1620;
				LastUpgradeCheck = 1620;
				TargetAttributes = {
					AF9034FA2DA3FDB000A35095 = {
						CreatedOnToolsVersion = 16.2;
					};
					AF90350B2DA3FDB100A35095 = {
						CreatedOnToolsVersion = 16.2;
						TestTargetID = AF9034FA2DA3FDB000A35095;
					};
					AF9035152DA3FDB100A35095 = {
						CreatedOnToolsVersion = 16.2;
						TestTargetID = AF9034FA2DA3FDB000A35095;
					};
				};
			};
			buildConfigurationList = AF9034F62DA3FDB000A35095 /* Build configuration list for PBXProject "AIChat" */;
			developmentRegion = en;
			hasScannedForEncodings = 0;
			knownRegions = (
				en,
				Base,
			);
			mainGroup = AF9034F22DA3FDB000A35095;
			minimizedProjectReferenceProxies = 1;
			packageReferences = (
				AFA98BB12DA46E0600492141 /* XCRemoteSwiftPackageReference "SDWebImageSwiftUI" */,
				AF2ECC112DE7D88A00BD1602 /* XCRemoteSwiftPackageReference "SwiftfulUtilities" */,
				AF95B1752DF38774003D5BA0 /* XCRemoteSwiftPackageReference "firebase-ios-sdk" */,
				AFAA66B42DF4E4960013F8DC /* XCRemoteSwiftPackageReference "SignInAppleAsync" */,
				AF39868A2DF8C958000F064C /* XCRemoteSwiftPackageReference "SignInGoogleAsync" */,
				AF3986912DF8D2E5000F064C /* XCRemoteSwiftPackageReference "GoogleSignIn-iOS" */,
				AFCB2B9E2DFDC20B00694E6E /* XCRemoteSwiftPackageReference "SwiftfulFirestore" */,
				AFEF44052DFF1489000E87DC /* XCRemoteSwiftPackageReference "OpenAI" */,
			);
			preferredProjectObjectVersion = 77;
			productRefGroup = AF9034FC2DA3FDB000A35095 /* Products */;
			projectDirPath = "";
			projectRoot = "";
			targets = (
				AF9034FA2DA3FDB000A35095 /* AIChat */,
				AF90350B2DA3FDB100A35095 /* AIChatTests */,
				AF9035152DA3FDB100A35095 /* AIChatUITests */,
			);
		};
/* End PBXProject section */

/* Begin PBXResourcesBuildPhase section */
		AF9034F92DA3FDB000A35095 /* Resources */ = {
			isa = PBXResourcesBuildPhase;
			buildActionMask = 2147483647;
			files = (
			);
			runOnlyForDeploymentPostprocessing = 0;
		};
		AF90350A2DA3FDB100A35095 /* Resources */ = {
			isa = PBXResourcesBuildPhase;
			buildActionMask = 2147483647;
			files = (
			);
			runOnlyForDeploymentPostprocessing = 0;
		};
		AF9035142DA3FDB100A35095 /* Resources */ = {
			isa = PBXResourcesBuildPhase;
			buildActionMask = 2147483647;
			files = (
			);
			runOnlyForDeploymentPostprocessing = 0;
		};
/* End PBXResourcesBuildPhase section */

/* Begin PBXShellScriptBuildPhase section */
		AF90352F2DA405BC00A35095 /* Swiftlint */ = {
			isa = PBXShellScriptBuildPhase;
			alwaysOutOfDate = 1;
			buildActionMask = 8;
			files = (
			);
			inputFileListPaths = (
			);
			inputPaths = (
			);
			name = Swiftlint;
			outputFileListPaths = (
			);
			outputPaths = (
			);
			runOnlyForDeploymentPostprocessing = 1;
			shellPath = /bin/sh;
			shellScript = "if [[ -z \"$CI\" ]]; then\n    if [[ \"$(uname -m)\" == arm64 ]]; then\n        export PATH=\"/opt/homebrew/bin:$PATH\"\n    fi\n\n    # Check if running in a SwiftUI preview\n    if [ \"$XCODE_RUNNING_FOR_PREVIEWS\" != \"1\" ]; then\n        if which swiftlint > /dev/null; then\n            swiftlint # Uncomment if you want to auto-fix: swiftlint --fix &&\n        else\n            echo \"warning: SwiftLint not installed, download from https://github.com/realm/SwiftLint\"\n        fi\n    fi\nelse \n    # Running Xcode Cloud\n    echo \"Running in Xcode Cloud. Skipping SwiftLint.\"\nfi\n";
			showEnvVarsInLog = 0;
		};
/* End PBXShellScriptBuildPhase section */

/* Begin PBXSourcesBuildPhase section */
		AF9034F72DA3FDB000A35095 /* Sources */ = {
			isa = PBXSourcesBuildPhase;
			buildActionMask = 2147483647;
			files = (
			);
			runOnlyForDeploymentPostprocessing = 0;
		};
		AF9035082DA3FDB100A35095 /* Sources */ = {
			isa = PBXSourcesBuildPhase;
			buildActionMask = 2147483647;
			files = (
			);
			runOnlyForDeploymentPostprocessing = 0;
		};
		AF9035122DA3FDB100A35095 /* Sources */ = {
			isa = PBXSourcesBuildPhase;
			buildActionMask = 2147483647;
			files = (
			);
			runOnlyForDeploymentPostprocessing = 0;
		};
/* End PBXSourcesBuildPhase section */

/* Begin PBXTargetDependency section */
		AF90350E2DA3FDB100A35095 /* PBXTargetDependency */ = {
			isa = PBXTargetDependency;
			target = AF9034FA2DA3FDB000A35095 /* AIChat */;
			targetProxy = AF90350D2DA3FDB100A35095 /* PBXContainerItemProxy */;
		};
		AF9035182DA3FDB100A35095 /* PBXTargetDependency */ = {
			isa = PBXTargetDependency;
			target = AF9034FA2DA3FDB000A35095 /* AIChat */;
			targetProxy = AF9035172DA3FDB100A35095 /* PBXContainerItemProxy */;
		};
/* End PBXTargetDependency section */

/* Begin XCBuildConfiguration section */
		AF90351E2DA3FDB100A35095 /* Debug */ = {
			isa = XCBuildConfiguration;
			buildSettings = {
				ALWAYS_SEARCH_USER_PATHS = NO;
				ASSETCATALOG_COMPILER_GENERATE_SWIFT_ASSET_SYMBOL_EXTENSIONS = YES;
				CLANG_ANALYZER_NONNULL = YES;
				CLANG_ANALYZER_NUMBER_OBJECT_CONVERSION = YES_AGGRESSIVE;
				CLANG_CXX_LANGUAGE_STANDARD = "gnu++20";
				CLANG_ENABLE_MODULES = YES;
				CLANG_ENABLE_OBJC_ARC = YES;
				CLANG_ENABLE_OBJC_WEAK = YES;
				CLANG_WARN_BLOCK_CAPTURE_AUTORELEASING = YES;
				CLANG_WARN_BOOL_CONVERSION = YES;
				CLANG_WARN_COMMA = YES;
				CLANG_WARN_CONSTANT_CONVERSION = YES;
				CLANG_WARN_DEPRECATED_OBJC_IMPLEMENTATIONS = YES;
				CLANG_WARN_DIRECT_OBJC_ISA_USAGE = YES_ERROR;
				CLANG_WARN_DOCUMENTATION_COMMENTS = YES;
				CLANG_WARN_EMPTY_BODY = YES;
				CLANG_WARN_ENUM_CONVERSION = YES;
				CLANG_WARN_INFINITE_RECURSION = YES;
				CLANG_WARN_INT_CONVERSION = YES;
				CLANG_WARN_NON_LITERAL_NULL_CONVERSION = YES;
				CLANG_WARN_OBJC_IMPLICIT_RETAIN_SELF = YES;
				CLANG_WARN_OBJC_LITERAL_CONVERSION = YES;
				CLANG_WARN_OBJC_ROOT_CLASS = YES_ERROR;
				CLANG_WARN_QUOTED_INCLUDE_IN_FRAMEWORK_HEADER = YES;
				CLANG_WARN_RANGE_LOOP_ANALYSIS = YES;
				CLANG_WARN_STRICT_PROTOTYPES = YES;
				CLANG_WARN_SUSPICIOUS_MOVE = YES;
				CLANG_WARN_UNGUARDED_AVAILABILITY = YES_AGGRESSIVE;
				CLANG_WARN_UNREACHABLE_CODE = YES;
				CLANG_WARN__DUPLICATE_METHOD_MATCH = YES;
				COPY_PHASE_STRIP = NO;
				DEBUG_INFORMATION_FORMAT = dwarf;
				ENABLE_STRICT_OBJC_MSGSEND = YES;
				ENABLE_TESTABILITY = YES;
				ENABLE_USER_SCRIPT_SANDBOXING = YES;
				GCC_C_LANGUAGE_STANDARD = gnu17;
				GCC_DYNAMIC_NO_PIC = NO;
				GCC_NO_COMMON_BLOCKS = YES;
				GCC_OPTIMIZATION_LEVEL = 0;
				GCC_PREPROCESSOR_DEFINITIONS = (
					"DEBUG=1",
					"$(inherited)",
				);
				GCC_WARN_64_TO_32_BIT_CONVERSION = YES;
				GCC_WARN_ABOUT_RETURN_TYPE = YES_ERROR;
				GCC_WARN_UNDECLARED_SELECTOR = YES;
				GCC_WARN_UNINITIALIZED_AUTOS = YES_AGGRESSIVE;
				GCC_WARN_UNUSED_FUNCTION = YES;
				GCC_WARN_UNUSED_VARIABLE = YES;
				LOCALIZATION_PREFERS_STRING_CATALOGS = YES;
				MTL_ENABLE_DEBUG_INFO = INCLUDE_SOURCE;
				MTL_FAST_MATH = YES;
				ONLY_ACTIVE_ARCH = YES;
				SWIFT_ACTIVE_COMPILATION_CONDITIONS = "DEBUG $(inherited)";
				SWIFT_OPTIMIZATION_LEVEL = "-Onone";
			};
			name = Debug;
		};
		AF90351F2DA3FDB100A35095 /* Release */ = {
			isa = XCBuildConfiguration;
			buildSettings = {
				ALWAYS_SEARCH_USER_PATHS = NO;
				ASSETCATALOG_COMPILER_GENERATE_SWIFT_ASSET_SYMBOL_EXTENSIONS = YES;
				CLANG_ANALYZER_NONNULL = YES;
				CLANG_ANALYZER_NUMBER_OBJECT_CONVERSION = YES_AGGRESSIVE;
				CLANG_CXX_LANGUAGE_STANDARD = "gnu++20";
				CLANG_ENABLE_MODULES = YES;
				CLANG_ENABLE_OBJC_ARC = YES;
				CLANG_ENABLE_OBJC_WEAK = YES;
				CLANG_WARN_BLOCK_CAPTURE_AUTORELEASING = YES;
				CLANG_WARN_BOOL_CONVERSION = YES;
				CLANG_WARN_COMMA = YES;
				CLANG_WARN_CONSTANT_CONVERSION = YES;
				CLANG_WARN_DEPRECATED_OBJC_IMPLEMENTATIONS = YES;
				CLANG_WARN_DIRECT_OBJC_ISA_USAGE = YES_ERROR;
				CLANG_WARN_DOCUMENTATION_COMMENTS = YES;
				CLANG_WARN_EMPTY_BODY = YES;
				CLANG_WARN_ENUM_CONVERSION = YES;
				CLANG_WARN_INFINITE_RECURSION = YES;
				CLANG_WARN_INT_CONVERSION = YES;
				CLANG_WARN_NON_LITERAL_NULL_CONVERSION = YES;
				CLANG_WARN_OBJC_IMPLICIT_RETAIN_SELF = YES;
				CLANG_WARN_OBJC_LITERAL_CONVERSION = YES;
				CLANG_WARN_OBJC_ROOT_CLASS = YES_ERROR;
				CLANG_WARN_QUOTED_INCLUDE_IN_FRAMEWORK_HEADER = YES;
				CLANG_WARN_RANGE_LOOP_ANALYSIS = YES;
				CLANG_WARN_STRICT_PROTOTYPES = YES;
				CLANG_WARN_SUSPICIOUS_MOVE = YES;
				CLANG_WARN_UNGUARDED_AVAILABILITY = YES_AGGRESSIVE;
				CLANG_WARN_UNREACHABLE_CODE = YES;
				CLANG_WARN__DUPLICATE_METHOD_MATCH = YES;
				COPY_PHASE_STRIP = NO;
				DEBUG_INFORMATION_FORMAT = "dwarf-with-dsym";
				ENABLE_NS_ASSERTIONS = NO;
				ENABLE_STRICT_OBJC_MSGSEND = YES;
				ENABLE_USER_SCRIPT_SANDBOXING = YES;
				GCC_C_LANGUAGE_STANDARD = gnu17;
				GCC_NO_COMMON_BLOCKS = YES;
				GCC_WARN_64_TO_32_BIT_CONVERSION = YES;
				GCC_WARN_ABOUT_RETURN_TYPE = YES_ERROR;
				GCC_WARN_UNDECLARED_SELECTOR = YES;
				GCC_WARN_UNINITIALIZED_AUTOS = YES_AGGRESSIVE;
				GCC_WARN_UNUSED_FUNCTION = YES;
				GCC_WARN_UNUSED_VARIABLE = YES;
				LOCALIZATION_PREFERS_STRING_CATALOGS = YES;
				MTL_ENABLE_DEBUG_INFO = NO;
				MTL_FAST_MATH = YES;
				SWIFT_COMPILATION_MODE = wholemodule;
			};
			name = Release;
		};
		AF9035212DA3FDB100A35095 /* Debug */ = {
			isa = XCBuildConfiguration;
			buildSettings = {
				ASSETCATALOG_COMPILER_APPICON_NAME = AppIcon;
				ASSETCATALOG_COMPILER_GLOBAL_ACCENT_COLOR_NAME = AccentColor;
				CODE_SIGN_ENTITLEMENTS = AIChat/AIChat.entitlements;
				CODE_SIGN_STYLE = Automatic;
				CURRENT_PROJECT_VERSION = 1;
				DEVELOPMENT_ASSET_PATHS = "\"AIChat/Preview Content\"";
				DEVELOPMENT_TEAM = KM569NM77P;
				ENABLE_HARDENED_RUNTIME = YES;
				ENABLE_PREVIEWS = YES;
				ENABLE_USER_SCRIPT_SANDBOXING = NO;
				GENERATE_INFOPLIST_FILE = YES;
				INFOPLIST_FILE = AIChat/Info.plist;
				INFOPLIST_KEY_CFBundleDisplayName = "AI Chat";
				"INFOPLIST_KEY_UIApplicationSceneManifest_Generation[sdk=iphoneos*]" = YES;
				"INFOPLIST_KEY_UIApplicationSceneManifest_Generation[sdk=iphonesimulator*]" = YES;
				"INFOPLIST_KEY_UIApplicationSupportsIndirectInputEvents[sdk=iphoneos*]" = YES;
				"INFOPLIST_KEY_UIApplicationSupportsIndirectInputEvents[sdk=iphonesimulator*]" = YES;
				"INFOPLIST_KEY_UILaunchScreen_Generation[sdk=iphoneos*]" = YES;
				"INFOPLIST_KEY_UILaunchScreen_Generation[sdk=iphonesimulator*]" = YES;
				INFOPLIST_KEY_UILaunchStoryboardName = LaunchScreen;
				"INFOPLIST_KEY_UIStatusBarStyle[sdk=iphoneos*]" = UIStatusBarStyleDefault;
				"INFOPLIST_KEY_UIStatusBarStyle[sdk=iphonesimulator*]" = UIStatusBarStyleDefault;
				INFOPLIST_KEY_UISupportedInterfaceOrientations_iPad = "UIInterfaceOrientationPortrait UIInterfaceOrientationPortraitUpsideDown UIInterfaceOrientationLandscapeLeft UIInterfaceOrientationLandscapeRight";
				IPHONEOS_DEPLOYMENT_TARGET = 17.6;
				LD_RUNPATH_SEARCH_PATHS = "@executable_path/Frameworks";
				"LD_RUNPATH_SEARCH_PATHS[sdk=macosx*]" = "@executable_path/../Frameworks";
				MACOSX_DEPLOYMENT_TARGET = 15.2;
				MARKETING_VERSION = 1.0;
				PRODUCT_BUNDLE_IDENTIFIER = com.Obada.AIChat;
				PRODUCT_NAME = "$(TARGET_NAME)";
				SDKROOT = auto;
				SUPPORTED_PLATFORMS = "iphoneos iphonesimulator";
				SUPPORTS_MACCATALYST = YES;
				SWIFT_EMIT_LOC_STRINGS = YES;
				SWIFT_VERSION = 6.0;
				TARGETED_DEVICE_FAMILY = "1,2";
				XROS_DEPLOYMENT_TARGET = 2.2;
			};
			name = Debug;
		};
		AF9035222DA3FDB100A35095 /* Release */ = {
			isa = XCBuildConfiguration;
			buildSettings = {
				ASSETCATALOG_COMPILER_APPICON_NAME = AppIcon;
				ASSETCATALOG_COMPILER_GLOBAL_ACCENT_COLOR_NAME = AccentColor;
				CODE_SIGN_ENTITLEMENTS = AIChat/AIChat.entitlements;
				CODE_SIGN_STYLE = Automatic;
				CURRENT_PROJECT_VERSION = 1;
				DEVELOPMENT_ASSET_PATHS = "\"AIChat/Preview Content\"";
				DEVELOPMENT_TEAM = KM569NM77P;
				ENABLE_HARDENED_RUNTIME = YES;
				ENABLE_PREVIEWS = YES;
				ENABLE_USER_SCRIPT_SANDBOXING = NO;
				GENERATE_INFOPLIST_FILE = YES;
				INFOPLIST_FILE = AIChat/Info.plist;
				INFOPLIST_KEY_CFBundleDisplayName = "AI Chat";
				"INFOPLIST_KEY_UIApplicationSceneManifest_Generation[sdk=iphoneos*]" = YES;
				"INFOPLIST_KEY_UIApplicationSceneManifest_Generation[sdk=iphonesimulator*]" = YES;
				"INFOPLIST_KEY_UIApplicationSupportsIndirectInputEvents[sdk=iphoneos*]" = YES;
				"INFOPLIST_KEY_UIApplicationSupportsIndirectInputEvents[sdk=iphonesimulator*]" = YES;
				"INFOPLIST_KEY_UILaunchScreen_Generation[sdk=iphoneos*]" = YES;
				"INFOPLIST_KEY_UILaunchScreen_Generation[sdk=iphonesimulator*]" = YES;
				INFOPLIST_KEY_UILaunchStoryboardName = LaunchScreen;
				"INFOPLIST_KEY_UIStatusBarStyle[sdk=iphoneos*]" = UIStatusBarStyleDefault;
				"INFOPLIST_KEY_UIStatusBarStyle[sdk=iphonesimulator*]" = UIStatusBarStyleDefault;
				INFOPLIST_KEY_UISupportedInterfaceOrientations_iPad = "UIInterfaceOrientationPortrait UIInterfaceOrientationPortraitUpsideDown UIInterfaceOrientationLandscapeLeft UIInterfaceOrientationLandscapeRight";
				IPHONEOS_DEPLOYMENT_TARGET = 17.6;
				LD_RUNPATH_SEARCH_PATHS = "@executable_path/Frameworks";
				"LD_RUNPATH_SEARCH_PATHS[sdk=macosx*]" = "@executable_path/../Frameworks";
				MACOSX_DEPLOYMENT_TARGET = 15.2;
				MARKETING_VERSION = 1.0;
				PRODUCT_BUNDLE_IDENTIFIER = com.Obada.AIChat;
				PRODUCT_NAME = "$(TARGET_NAME)";
				SDKROOT = auto;
				SUPPORTED_PLATFORMS = "iphoneos iphonesimulator";
				SUPPORTS_MACCATALYST = YES;
				SWIFT_EMIT_LOC_STRINGS = YES;
				SWIFT_VERSION = 6.0;
				TARGETED_DEVICE_FAMILY = "1,2";
				XROS_DEPLOYMENT_TARGET = 2.2;
			};
			name = Release;
		};
		AF9035242DA3FDB100A35095 /* Debug */ = {
			isa = XCBuildConfiguration;
			buildSettings = {
				BUNDLE_LOADER = "$(TEST_HOST)";
				CODE_SIGN_STYLE = Automatic;
				CURRENT_PROJECT_VERSION = 1;
				DEVELOPMENT_TEAM = KM569NM77P;
				GENERATE_INFOPLIST_FILE = YES;
				IPHONEOS_DEPLOYMENT_TARGET = 18.2;
				MACOSX_DEPLOYMENT_TARGET = 15.2;
				MARKETING_VERSION = 1.0;
				PRODUCT_BUNDLE_IDENTIFIER = com.Obada.AIChatTests;
				PRODUCT_NAME = "$(TARGET_NAME)";
				SDKROOT = auto;
				SUPPORTED_PLATFORMS = "iphoneos iphonesimulator macosx xros xrsimulator";
				SWIFT_EMIT_LOC_STRINGS = NO;
				SWIFT_VERSION = 5.0;
				TARGETED_DEVICE_FAMILY = "1,2,7";
				TEST_HOST = "$(BUILT_PRODUCTS_DIR)/AIChat.app/$(BUNDLE_EXECUTABLE_FOLDER_PATH)/AIChat";
				XROS_DEPLOYMENT_TARGET = 2.2;
			};
			name = Debug;
		};
		AF9035252DA3FDB100A35095 /* Release */ = {
			isa = XCBuildConfiguration;
			buildSettings = {
				BUNDLE_LOADER = "$(TEST_HOST)";
				CODE_SIGN_STYLE = Automatic;
				CURRENT_PROJECT_VERSION = 1;
				DEVELOPMENT_TEAM = KM569NM77P;
				GENERATE_INFOPLIST_FILE = YES;
				IPHONEOS_DEPLOYMENT_TARGET = 18.2;
				MACOSX_DEPLOYMENT_TARGET = 15.2;
				MARKETING_VERSION = 1.0;
				PRODUCT_BUNDLE_IDENTIFIER = com.Obada.AIChatTests;
				PRODUCT_NAME = "$(TARGET_NAME)";
				SDKROOT = auto;
				SUPPORTED_PLATFORMS = "iphoneos iphonesimulator macosx xros xrsimulator";
				SWIFT_EMIT_LOC_STRINGS = NO;
				SWIFT_VERSION = 5.0;
				TARGETED_DEVICE_FAMILY = "1,2,7";
				TEST_HOST = "$(BUILT_PRODUCTS_DIR)/AIChat.app/$(BUNDLE_EXECUTABLE_FOLDER_PATH)/AIChat";
				XROS_DEPLOYMENT_TARGET = 2.2;
			};
			name = Release;
		};
		AF9035272DA3FDB100A35095 /* Debug */ = {
			isa = XCBuildConfiguration;
			buildSettings = {
				CODE_SIGN_STYLE = Automatic;
				CURRENT_PROJECT_VERSION = 1;
				DEVELOPMENT_TEAM = KM569NM77P;
				GENERATE_INFOPLIST_FILE = YES;
				IPHONEOS_DEPLOYMENT_TARGET = 18.2;
				MACOSX_DEPLOYMENT_TARGET = 15.2;
				MARKETING_VERSION = 1.0;
				PRODUCT_BUNDLE_IDENTIFIER = com.Obada.AIChatUITests;
				PRODUCT_NAME = "$(TARGET_NAME)";
				SDKROOT = auto;
				SUPPORTED_PLATFORMS = "iphoneos iphonesimulator macosx xros xrsimulator";
				SWIFT_EMIT_LOC_STRINGS = NO;
				SWIFT_VERSION = 5.0;
				TARGETED_DEVICE_FAMILY = "1,2,7";
				TEST_TARGET_NAME = AIChat;
				XROS_DEPLOYMENT_TARGET = 2.2;
			};
			name = Debug;
		};
		AF9035282DA3FDB100A35095 /* Release */ = {
			isa = XCBuildConfiguration;
			buildSettings = {
				CODE_SIGN_STYLE = Automatic;
				CURRENT_PROJECT_VERSION = 1;
				DEVELOPMENT_TEAM = KM569NM77P;
				GENERATE_INFOPLIST_FILE = YES;
				IPHONEOS_DEPLOYMENT_TARGET = 18.2;
				MACOSX_DEPLOYMENT_TARGET = 15.2;
				MARKETING_VERSION = 1.0;
				PRODUCT_BUNDLE_IDENTIFIER = com.Obada.AIChatUITests;
				PRODUCT_NAME = "$(TARGET_NAME)";
				SDKROOT = auto;
				SUPPORTED_PLATFORMS = "iphoneos iphonesimulator macosx xros xrsimulator";
				SWIFT_EMIT_LOC_STRINGS = NO;
				SWIFT_VERSION = 5.0;
				TARGETED_DEVICE_FAMILY = "1,2,7";
				TEST_TARGET_NAME = AIChat;
				XROS_DEPLOYMENT_TARGET = 2.2;
			};
			name = Release;
		};
/* End XCBuildConfiguration section */

/* Begin XCConfigurationList section */
		AF9034F62DA3FDB000A35095 /* Build configuration list for PBXProject "AIChat" */ = {
			isa = XCConfigurationList;
			buildConfigurations = (
				AF90351E2DA3FDB100A35095 /* Debug */,
				AF90351F2DA3FDB100A35095 /* Release */,
			);
			defaultConfigurationIsVisible = 0;
			defaultConfigurationName = Release;
		};
		AF9035202DA3FDB100A35095 /* Build configuration list for PBXNativeTarget "AIChat" */ = {
			isa = XCConfigurationList;
			buildConfigurations = (
				AF9035212DA3FDB100A35095 /* Debug */,
				AF9035222DA3FDB100A35095 /* Release */,
			);
			defaultConfigurationIsVisible = 0;
			defaultConfigurationName = Release;
		};
		AF9035232DA3FDB100A35095 /* Build configuration list for PBXNativeTarget "AIChatTests" */ = {
			isa = XCConfigurationList;
			buildConfigurations = (
				AF9035242DA3FDB100A35095 /* Debug */,
				AF9035252DA3FDB100A35095 /* Release */,
			);
			defaultConfigurationIsVisible = 0;
			defaultConfigurationName = Release;
		};
		AF9035262DA3FDB100A35095 /* Build configuration list for PBXNativeTarget "AIChatUITests" */ = {
			isa = XCConfigurationList;
			buildConfigurations = (
				AF9035272DA3FDB100A35095 /* Debug */,
				AF9035282DA3FDB100A35095 /* Release */,
			);
			defaultConfigurationIsVisible = 0;
			defaultConfigurationName = Release;
		};
/* End XCConfigurationList section */

/* Begin XCRemoteSwiftPackageReference section */
		AF2ECC112DE7D88A00BD1602 /* XCRemoteSwiftPackageReference "SwiftfulUtilities" */ = {
			isa = XCRemoteSwiftPackageReference;
			repositoryURL = "https://github.com/SwiftfulThinking/SwiftfulUtilities.git";
			requirement = {
				kind = upToNextMajorVersion;
				minimumVersion = 1.1.6;
			};
		};
		AF39868A2DF8C958000F064C /* XCRemoteSwiftPackageReference "SignInGoogleAsync" */ = {
			isa = XCRemoteSwiftPackageReference;
			repositoryURL = "https://github.com/SwiftfulThinking/SignInGoogleAsync";
			requirement = {
				kind = upToNextMajorVersion;
				minimumVersion = 1.0.1;
			};
		};
		AF3986912DF8D2E5000F064C /* XCRemoteSwiftPackageReference "GoogleSignIn-iOS" */ = {
			isa = XCRemoteSwiftPackageReference;
			repositoryURL = "https://github.com/google/GoogleSignIn-iOS";
			requirement = {
				kind = upToNextMajorVersion;
				minimumVersion = 8.0.0;
			};
		};
		AF95B1752DF38774003D5BA0 /* XCRemoteSwiftPackageReference "firebase-ios-sdk" */ = {
			isa = XCRemoteSwiftPackageReference;
			repositoryURL = "https://github.com/firebase/firebase-ios-sdk";
			requirement = {
				kind = upToNextMajorVersion;
				minimumVersion = 11.14.0;
			};
		};
		AFA98BB12DA46E0600492141 /* XCRemoteSwiftPackageReference "SDWebImageSwiftUI" */ = {
			isa = XCRemoteSwiftPackageReference;
			repositoryURL = "https://github.com/SDWebImage/SDWebImageSwiftUI";
			requirement = {
				kind = upToNextMajorVersion;
				minimumVersion = 3.1.3;
			};
		};
		AFAA66B42DF4E4960013F8DC /* XCRemoteSwiftPackageReference "SignInAppleAsync" */ = {
			isa = XCRemoteSwiftPackageReference;
			repositoryURL = "git@github.com:SwiftfulThinking/SignInAppleAsync.git";
			requirement = {
				kind = upToNextMajorVersion;
				minimumVersion = 1.0.1;
			};
		};
		AFCB2B9E2DFDC20B00694E6E /* XCRemoteSwiftPackageReference "SwiftfulFirestore" */ = {
			isa = XCRemoteSwiftPackageReference;
			repositoryURL = "https://github.com/SwiftfulThinking/SwiftfulFirestore.git";
			requirement = {
				kind = upToNextMajorVersion;
				minimumVersion = 11.0.2;
			};
		};
		AFEF44052DFF1489000E87DC /* XCRemoteSwiftPackageReference "OpenAI" */ = {
			isa = XCRemoteSwiftPackageReference;
			repositoryURL = "https://github.com/MacPaw/OpenAI.git";
			requirement = {
				kind = upToNextMajorVersion;
				minimumVersion = 0.4.3;
			};
		};
/* End XCRemoteSwiftPackageReference section */

/* Begin XCSwiftPackageProductDependency section */
		AF2ECC122DE7D88A00BD1602 /* SwiftfulUtilities */ = {
			isa = XCSwiftPackageProductDependency;
			package = AF2ECC112DE7D88A00BD1602 /* XCRemoteSwiftPackageReference "SwiftfulUtilities" */;
			productName = SwiftfulUtilities;
		};
		AF39868B2DF8C958000F064C /* SignInGoogleAsync */ = {
			isa = XCSwiftPackageProductDependency;
			package = AF39868A2DF8C958000F064C /* XCRemoteSwiftPackageReference "SignInGoogleAsync" */;
			productName = SignInGoogleAsync;
		};
		AF3986922DF8D2E5000F064C /* GoogleSignIn */ = {
			isa = XCSwiftPackageProductDependency;
			package = AF3986912DF8D2E5000F064C /* XCRemoteSwiftPackageReference "GoogleSignIn-iOS" */;
			productName = GoogleSignIn;
		};
		AF3986942DF8D2E5000F064C /* GoogleSignInSwift */ = {
			isa = XCSwiftPackageProductDependency;
			package = AF3986912DF8D2E5000F064C /* XCRemoteSwiftPackageReference "GoogleSignIn-iOS" */;
			productName = GoogleSignInSwift;
		};
		AF95B1762DF38774003D5BA0 /* FirebaseAuth */ = {
			isa = XCSwiftPackageProductDependency;
			package = AF95B1752DF38774003D5BA0 /* XCRemoteSwiftPackageReference "firebase-ios-sdk" */;
			productName = FirebaseAuth;
		};
		AFA98BB22DA46E0600492141 /* SDWebImageSwiftUI */ = {
			isa = XCSwiftPackageProductDependency;
			package = AFA98BB12DA46E0600492141 /* XCRemoteSwiftPackageReference "SDWebImageSwiftUI" */;
			productName = SDWebImageSwiftUI;
		};
		AFAA66B52DF4E4960013F8DC /* SignInAppleAsync */ = {
			isa = XCSwiftPackageProductDependency;
			package = AFAA66B42DF4E4960013F8DC /* XCRemoteSwiftPackageReference "SignInAppleAsync" */;
			productName = SignInAppleAsync;
		};
		AFCB2B902DFC779000694E6E /* FirebaseFirestore */ = {
			isa = XCSwiftPackageProductDependency;
			package = AF95B1752DF38774003D5BA0 /* XCRemoteSwiftPackageReference "firebase-ios-sdk" */;
			productName = FirebaseFirestore;
		};
		AFCB2B9F2DFDC20B00694E6E /* SwiftfulFirestore */ = {
			isa = XCSwiftPackageProductDependency;
			package = AFCB2B9E2DFDC20B00694E6E /* XCRemoteSwiftPackageReference "SwiftfulFirestore" */;
			productName = SwiftfulFirestore;
		};
		AFEF44062DFF1489000E87DC /* OpenAI */ = {
			isa = XCSwiftPackageProductDependency;
			package = AFEF44052DFF1489000E87DC /* XCRemoteSwiftPackageReference "OpenAI" */;
			productName = OpenAI;
		};
		AFEF46492E007365000E87DC /* FirebaseStorage */ = {
			isa = XCSwiftPackageProductDependency;
			package = AF95B1752DF38774003D5BA0 /* XCRemoteSwiftPackageReference "firebase-ios-sdk" */;
			productName = FirebaseStorage;
		};
/* End XCSwiftPackageProductDependency section */
	};
	rootObject = AF9034F32DA3FDB000A35095 /* Project object */;
}
