{
  "originHash" : "13bcc902e1b8fac14fdb8bcf6c89598d27640fbd4f31ec992e85b95387063fb0",
  "pins" : [
    {
      "identity" : "mixpanel-swift",
      "kind" : "remoteSourceControl",
      "location" : "https://github.com/mixpanel/mixpanel-swift.git",
      "state" : {
        "revision" : "5f3020832a9594d98c129bf010a2bcc9dc4fa959",
        "version" : "5.2.0"
      }
    }
  ],
  "version" : 3
}
